
Microsoft Visual Studio Solution File, Format Version 12.00
# Visual Studio Version 16
VisualStudioVersion = 16.0.32002.261
MinimumVisualStudioVersion = 10.0.40219.1
Project("{FAE04EC0-301F-11D3-BF4B-00C04F79EFBC}") = "christmas-tree-kata", "christmas-tree-kata.csproj", "{3A4B1980-0D35-4A00-9A26-24A4A811F684}"
EndProject
Global
	GlobalSection(SolutionConfigurationPlatforms) = preSolution
		Debug|Any CPU = Debug|Any CPU
		Release|Any CPU = Release|Any CPU
	EndGlobalSection
	GlobalSection(ProjectConfigurationPlatforms) = postSolution
		{3A4B1980-0D35-4A00-9A26-24A4A811F684}.Debug|Any CPU.ActiveCfg = Debug|Any CPU
		{3A4B1980-0D35-4A00-9A26-24A4A811F684}.Debug|Any CPU.Build.0 = Debug|Any CPU
		{3A4B1980-0D35-4A00-9A26-24A4A811F684}.Release|Any CPU.ActiveCfg = Release|Any CPU
		{3A4B1980-0D35-4A00-9A26-24A4A811F684}.Release|Any CPU.Build.0 = Release|Any CPU
	EndGlobalSection
	GlobalSection(SolutionProperties) = preSolution
		HideSolutionNode = FALSE
	EndGlobalSection
	GlobalSection(ExtensibilityGlobals) = postSolution
		SolutionGuid = {E7605C38-CAC0-486F-8BE2-9C5AD45E7498}
	EndGlobalSection
EndGlobal
